{
  "name": "@tencent/tdesign-miniprogram-starter-retail",
  "version": "1.0.0",
  "lockfileVersion": 3,
  "requires": true,
  "packages": {
    "": {
      "name": "@tencent/tdesign-miniprogram-starter-retail",
      "version": "1.0.0",
      "license": "ISC",
      "dependencies": {
        "tdesign-miniprogram": "^1.6.1"
      }
    },
    "node_modules/dayjs": {
      "version": "1.11.4",
      "resolved": "https://mirrors.tencent.com/npm/dayjs/-/dayjs-1.11.4.tgz",
      "integrity": "sha512-Zj/lPM5hOvQ1Bf7uAvewDaUcsJoI6JmNqmHhHl3nyumwe0XHwt8sWdOVAPACJzCebL8gQCi+K49w7iKWnGwX9g=="
    },
    "node_modules/tdesign-miniprogram": {
      "version": "1.6.1",
      "resolved": "https://registry.npmmirror.com/tdesign-miniprogram/-/tdesign-miniprogram-1.6.1.tgz",
      "integrity": "sha512-APgNNRupNaZrOnta3WWTyDjnlsyg3gDiJO6FdXo9n4I8cVozInXbhMrqZ+6eqdOVowveI8wCaGYhBAsGe7NHGA==",
      "dependencies": {
        "dayjs": "^1.10.7"
      }
    }
  }
}
